
Microsoft Visual Studio Solution File, Format Version 11.00
# Visual Studio 2010
Project("{8BC9CEB8-8B4A-11D0-8D11-00A0C91BC942}") = "Section_1", "Section_1\Section_1.vcxproj", "{DAD0FB3B-8635-48AE-A0B1-892332EDA251}"
EndProject
Global
	GlobalSection(SolutionConfigurationPlatforms) = preSolution
		Debug|Win32 = Debug|Win32
		Release|Win32 = Release|Win32
	EndGlobalSection
	GlobalSection(ProjectConfigurationPlatforms) = postSolution
		{DAD0FB3B-8635-48AE-A0B1-892332EDA251}.Debug|Win32.ActiveCfg = Debug|Win32
		{DAD0FB3B-8635-48AE-A0B1-892332EDA251}.Debug|Win32.Build.0 = Debug|Win32
		{DAD0FB3B-8635-48AE-A0B1-892332EDA251}.Release|Win32.ActiveCfg = Release|Win32
		{DAD0FB3B-8635-48AE-A0B1-892332EDA251}.Release|Win32.Build.0 = Release|Win32
	EndGlobalSection
	GlobalSection(SolutionProperties) = preSolution
		HideSolutionNode = FALSE
	EndGlobalSection
EndGlobal
